
Microsoft Visual Studio Solution File, Format Version 12.00
# Visual Studio Version 16
VisualStudioVersion = 16.0.30114.105
MinimumVisualStudioVersion = 10.0.40219.1
Project("{FAE04EC0-301F-11D3-BF4B-00C04F79EFBC}") = "Ch04Ex06", "Ch04Ex06\Ch04Ex06.csproj", "{CB597783-A66D-4D22-9EA0-E4BFE20A669F}"
EndProject
Global
	GlobalSection(SolutionConfigurationPlatforms) = preSolution
		Debug|Any CPU = Debug|Any CPU
		Release|Any CPU = Release|Any CPU
	EndGlobalSection
	GlobalSection(ProjectConfigurationPlatforms) = postSolution
		{CB597783-A66D-4D22-9EA0-E4BFE20A669F}.Debug|Any CPU.ActiveCfg = Debug|Any CPU
		{CB597783-A66D-4D22-9EA0-E4BFE20A669F}.Debug|Any CPU.Build.0 = Debug|Any CPU
		{CB597783-A66D-4D22-9EA0-E4BFE20A669F}.Release|Any CPU.ActiveCfg = Release|Any CPU
		{CB597783-A66D-4D22-9EA0-E4BFE20A669F}.Release|Any CPU.Build.0 = Release|Any CPU
	EndGlobalSection
	GlobalSection(SolutionProperties) = preSolution
		HideSolutionNode = FALSE
	EndGlobalSection
	GlobalSection(ExtensibilityGlobals) = postSolution
		SolutionGuid = {C2D1D831-44BE-4E6E-875E-2428C9334303}
	EndGlobalSection
EndGlobal
